
Microsoft Visual Studio Solution File, Format Version 12.00
# Visual Studio 15
VisualStudioVersion = 15.0.28307.168
MinimumVisualStudioVersion = 10.0.40219.1
Project("{FAE04EC0-301F-11D3-BF4B-00C04F79EFBC}") = "OverwatchParser", "OverwatchParser\OverwatchParser.csproj", "{709BCB79-2898-4837-8157-4581CC198E69}"
EndProject
Project("{FAE04EC0-301F-11D3-BF4B-00C04F79EFBC}") = "CustomGameLib", "..\..\..\GitHub\Overwatch-Custom-Game-Automation\CustomGameLib\CustomGameLib\CustomGameLib.csproj", "{7D6BA1B1-DA7B-4AEA-BA24-3657698F94AE}"
EndProject
Global
	GlobalSection(SolutionConfigurationPlatforms) = preSolution
		Debug|Any CPU = Debug|Any CPU
		Release|Any CPU = Release|Any CPU
	EndGlobalSection
	GlobalSection(ProjectConfigurationPlatforms) = postSolution
		{709BCB79-2898-4837-8157-4581CC198E69}.Debug|Any CPU.ActiveCfg = Debug|Any CPU
		{709BCB79-2898-4837-8157-4581CC198E69}.Debug|Any CPU.Build.0 = Debug|Any CPU
		{709BCB79-2898-4837-8157-4581CC198E69}.Release|Any CPU.ActiveCfg = Release|Any CPU
		{709BCB79-2898-4837-8157-4581CC198E69}.Release|Any CPU.Build.0 = Release|Any CPU
		{7D6BA1B1-DA7B-4AEA-BA24-3657698F94AE}.Debug|Any CPU.ActiveCfg = Debug|Any CPU
		{7D6BA1B1-DA7B-4AEA-BA24-3657698F94AE}.Debug|Any CPU.Build.0 = Debug|Any CPU
		{7D6BA1B1-DA7B-4AEA-BA24-3657698F94AE}.Release|Any CPU.ActiveCfg = Release|Any CPU
		{7D6BA1B1-DA7B-4AEA-BA24-3657698F94AE}.Release|Any CPU.Build.0 = Release|Any CPU
	EndGlobalSection
	GlobalSection(SolutionProperties) = preSolution
		HideSolutionNode = FALSE
	EndGlobalSection
	GlobalSection(ExtensibilityGlobals) = postSolution
		SolutionGuid = {4818D262-4ED4-4399-B8A9-A5D32A9141DA}
	EndGlobalSection
EndGlobal
